{
  "pins" : [
    {
      "identity" : "prepdatatypes",
      "kind" : "remoteSourceControl",
      "location" : "https://github.com/pxlshpr/PrepDataTypes",
      "state" : {
        "revision" : "8668e2c0c9945b3c97b31f0500c004a01c4e3057",
        "version" : "0.0.79"
      }
    },
    {
      "identity" : "swiftsugar",
      "kind" : "remoteSourceControl",
      "location" : "https://github.com/pxlshpr/SwiftSugar",
      "state" : {
        "revision" : "8215ef9562438698a24e17bb70cb5cb43eabc61a",
        "version" : "0.0.77"
      }
    }
  ],
  "version" : 2
}
