{
  "pins" : [
    {
      "identity" : "prepdatatypes",
      "kind" : "remoteSourceControl",
      "location" : "https://github.com/pxlshpr/PrepDataTypes",
      "state" : {
        "revision" : "c548cb77191980571606db6e26dd50f75a71a651",
        "version" : "0.0.235"
      }
    },
    {
      "identity" : "swiftsugar",
      "kind" : "remoteSourceControl",
      "location" : "https://github.com/pxlshpr/SwiftSugar",
      "state" : {
        "revision" : "080d38c0cb15782a1b24ae9ba1ff2163b0e196cb",
        "version" : "0.0.86"
      }
    }
  ],
  "version" : 2
}
